// !$*UTF8*$!
{
	archiveVersion = 1;
	classes = {
	};
	objectVersion = 77;
	objects = {

/* Begin PBXContainerItemProxy section */
		F57CC5A62D2008C5007A44A0 /* PBXContainerItemProxy */ = {
			isa = PBXContainerItemProxy;
			containerPortal = F57CC58D2D2008BF007A44A0 /* Project object */;
			proxyType = 1;
			remoteGlobalIDString = F57CC5942D2008C0007A44A0;
			remoteInfo = ClearWeather;
		};
		F57CC5B02D2008C5007A44A0 /* PBXContainerItemProxy */ = {
			isa = PBXContainerItemProxy;
			containerPortal = F57CC58D2D2008BF007A44A0 /* Project object */;
			proxyType = 1;
			remoteGlobalIDString = F57CC5942D2008C0007A44A0;
			remoteInfo = ClearWeather;
		};
/* End PBXContainerItemProxy section */

/* Begin PBXFileReference section */
		F57CC5952D2008C0007A44A0 /* ClearWeather.app */ = {isa = PBXFileReference; explicitFileType = wrapper.application; includeInIndex = 0; path = ClearWeather.app; sourceTree = BUILT_PRODUCTS_DIR; };
		F57CC5A52D2008C5007A44A0 /* ClearWeatherTests.xctest */ = {isa = PBXFileReference; explicitFileType = wrapper.cfbundle; includeInIndex = 0; path = ClearWeatherTests.xctest; sourceTree = BUILT_PRODUCTS_DIR; };
		F57CC5AF2D2008C5007A44A0 /* ClearWeatherUITests.xctest */ = {isa = PBXFileReference; explicitFileType = wrapper.cfbundle; includeInIndex = 0; path = ClearWeatherUITests.xctest; sourceTree = BUILT_PRODUCTS_DIR; };
/* End PBXFileReference section */

/* Begin PBXFileSystemSynchronizedBuildFileExceptionSet section */
		F57CC5D32D2028A3007A44A0 /* Exceptions for "ClearWeather" folder in "ClearWeather" target */ = {
			isa = PBXFileSystemSynchronizedBuildFileExceptionSet;
			membershipExceptions = (
				Info.plist,
			);
			target = F57CC5942D2008C0007A44A0 /* ClearWeather */;
		};
/* End PBXFileSystemSynchronizedBuildFileExceptionSet section */

/* Begin PBXFileSystemSynchronizedRootGroup section */
		F57CC5972D2008C0007A44A0 /* ClearWeather */ = {
			isa = PBXFileSystemSynchronizedRootGroup;
			exceptions = (
				F57CC5D32D2028A3007A44A0 /* Exceptions for "ClearWeather" folder in "ClearWeather" target */,
			);
			path = ClearWeather;
			sourceTree = "<group>";
		};
		F57CC5A82D2008C5007A44A0 /* ClearWeatherTests */ = {
			isa = PBXFileSystemSynchronizedRootGroup;
			path = ClearWeatherTests;
			sourceTree = "<group>";
		};
		F57CC5B22D2008C5007A44A0 /* ClearWeatherUITests */ = {
			isa = PBXFileSystemSynchronizedRootGroup;
			path = ClearWeatherUITests;
			sourceTree = "<group>";
		};
/* End PBXFileSystemSynchronizedRootGroup section */

/* Begin PBXFrameworksBuildPhase section */
		F57CC5922D2008C0007A44A0 /* Frameworks */ = {
			isa = PBXFrameworksBuildPhase;
			buildActionMask = 2147483647;
			files = (
			);
			runOnlyForDeploymentPostprocessing = 0;
		};
		F57CC5A22D2008C5007A44A0 /* Frameworks */ = {
			isa = PBXFrameworksBuildPhase;
			buildActionMask = 2147483647;
			files = (
			);
			runOnlyForDeploymentPostprocessing = 0;
		};
		F57CC5AC2D2008C5007A44A0 /* Frameworks */ = {
			isa = PBXFrameworksBuildPhase;
			buildActionMask = 2147483647;
			files = (
			);
			runOnlyForDeploymentPostprocessing = 0;
		};
/* End PBXFrameworksBuildPhase section */

/* Begin PBXGroup section */
		F57CC58C2D2008BF007A44A0 = {
			isa = PBXGroup;
			children = (
				F57CC5972D2008C0007A44A0 /* ClearWeather */,
				F57CC5A82D2008C5007A44A0 /* ClearWeatherTests */,
				F57CC5B22D2008C5007A44A0 /* ClearWeatherUITests */,
				F57CC5962D2008C0007A44A0 /* Products */,
			);
			sourceTree = "<group>";
		};
		F57CC5962D2008C0007A44A0 /* Products */ = {
			isa = PBXGroup;
			children = (
				F57CC5952D2008C0007A44A0 /* ClearWeather.app */,
				F57CC5A52D2008C5007A44A0 /* ClearWeatherTests.xctest */,
				F57CC5AF2D2008C5007A44A0 /* ClearWeatherUITests.xctest */,
			);
			name = Products;
			sourceTree = "<group>";
		};
/* End PBXGroup section */

/* Begin PBXNativeTarget section */
		F57CC5942D2008C0007A44A0 /* ClearWeather */ = {
			isa = PBXNativeTarget;
			buildConfigurationList = F57CC5B92D2008C5007A44A0 /* Build configuration list for PBXNativeTarget "ClearWeather" */;
			buildPhases = (
				F57CC5912D2008C0007A44A0 /* Sources */,
				F57CC5922D2008C0007A44A0 /* Frameworks */,
				F57CC5932D2008C0007A44A0 /* Resources */,
			);
			buildRules = (
			);
			dependencies = (
			);
			fileSystemSynchronizedGroups = (
				F57CC5972D2008C0007A44A0 /* ClearWeather */,
			);
			name = ClearWeather;
			packageProductDependencies = (
			);
			productName = ClearWeather;
			productReference = F57CC5952D2008C0007A44A0 /* ClearWeather.app */;
			productType = "com.apple.product-type.application";
		};
		F57CC5A42D2008C5007A44A0 /* ClearWeatherTests */ = {
			isa = PBXNativeTarget;
			buildConfigurationList = F57CC5BC2D2008C5007A44A0 /* Build configuration list for PBXNativeTarget "ClearWeatherTests" */;
			buildPhases = (
				F57CC5A12D2008C5007A44A0 /* Sources */,
				F57CC5A22D2008C5007A44A0 /* Frameworks */,
				F57CC5A32D2008C5007A44A0 /* Resources */,
			);
			buildRules = (
			);
			dependencies = (
				F57CC5A72D2008C5007A44A0 /* PBXTargetDependency */,
			);
			fileSystemSynchronizedGroups = (
				F57CC5A82D2008C5007A44A0 /* ClearWeatherTests */,
			);
			name = ClearWeatherTests;
			packageProductDependencies = (
			);
			productName = ClearWeatherTests;
			productReference = F57CC5A52D2008C5007A44A0 /* ClearWeatherTests.xctest */;
			productType = "com.apple.product-type.bundle.unit-test";
		};
		F57CC5AE2D2008C5007A44A0 /* ClearWeatherUITests */ = {
			isa = PBXNativeTarget;
			buildConfigurationList = F57CC5BF2D2008C5007A44A0 /* Build configuration list for PBXNativeTarget "ClearWeatherUITests" */;
			buildPhases = (
				F57CC5AB2D2008C5007A44A0 /* Sources */,
				F57CC5AC2D2008C5007A44A0 /* Frameworks */,
				F57CC5AD2D2008C5007A44A0 /* Resources */,
			);
			buildRules = (
			);
			dependencies = (
				F57CC5B12D2008C5007A44A0 /* PBXTargetDependency */,
			);
			fileSystemSynchronizedGroups = (
				F57CC5B22D2008C5007A44A0 /* ClearWeatherUITests */,
			);
			name = ClearWeatherUITests;
			packageProductDependencies = (
			);
			productName = ClearWeatherUITests;
			productReference = F57CC5AF2D2008C5007A44A0 /* ClearWeatherUITests.xctest */;
			productType = "com.apple.product-type.bundle.ui-testing";
		};
/* End PBXNativeTarget section */

/* Begin PBXProject section */
		F57CC58D2D2008BF007A44A0 /* Project object */ = {
			isa = PBXProject;
			attributes = {
				BuildIndependentTargetsInParallel = 1;
				LastSwiftUpdateCheck = 1620;
				LastUpgradeCheck = 1620;
				TargetAttributes = {
					F57CC5942D2008C0007A44A0 = {
						CreatedOnToolsVersion = 16.2;
					};
					F57CC5A42D2008C5007A44A0 = {
						CreatedOnToolsVersion = 16.2;
						TestTargetID = F57CC5942D2008C0007A44A0;
					};
					F57CC5AE2D2008C5007A44A0 = {
						CreatedOnToolsVersion = 16.2;
						TestTargetID = F57CC5942D2008C0007A44A0;
					};
				};
			};
			buildConfigurationList = F57CC5902D2008BF007A44A0 /* Build configuration list for PBXProject "ClearWeather" */;
			developmentRegion = en;
			hasScannedForEncodings = 0;
			knownRegions = (
				en,
				Base,
			);
			mainGroup = F57CC58C2D2008BF007A44A0;
			minimizedProjectReferenceProxies = 1;
			preferredProjectObjectVersion = 77;
			productRefGroup = F57CC5962D2008C0007A44A0 /* Products */;
			projectDirPath = "";
			projectRoot = "";
			targets = (
				F57CC5942D2008C0007A44A0 /* ClearWeather */,
				F57CC5A42D2008C5007A44A0 /* ClearWeatherTests */,
				F57CC5AE2D2008C5007A44A0 /* ClearWeatherUITests */,
			);
		};
/* End PBXProject section */

/* Begin PBXResourcesBuildPhase section */
		F57CC5932D2008C0007A44A0 /* Resources */ = {
			isa = PBXResourcesBuildPhase;
			buildActionMask = 2147483647;
			files = (
			);
			runOnlyForDeploymentPostprocessing = 0;
		};
		F57CC5A32D2008C5007A44A0 /* Resources */ = {
			isa = PBXResourcesBuildPhase;
			buildActionMask = 2147483647;
			files = (
			);
			runOnlyForDeploymentPostprocessing = 0;
		};
		F57CC5AD2D2008C5007A44A0 /* Resources */ = {
			isa = PBXResourcesBuildPhase;
			buildActionMask = 2147483647;
			files = (
			);
			runOnlyForDeploymentPostprocessing = 0;
		};
/* End PBXResourcesBuildPhase section */

/* Begin PBXSourcesBuildPhase section */
		F57CC5912D2008C0007A44A0 /* Sources */ = {
			isa = PBXSourcesBuildPhase;
			buildActionMask = 2147483647;
			files = (
			);
			runOnlyForDeploymentPostprocessing = 0;
		};
		F57CC5A12D2008C5007A44A0 /* Sources */ = {
			isa = PBXSourcesBuildPhase;
			buildActionMask = 2147483647;
			files = (
			);
			runOnlyForDeploymentPostprocessing = 0;
		};
		F57CC5AB2D2008C5007A44A0 /* Sources */ = {
			isa = PBXSourcesBuildPhase;
			buildActionMask = 2147483647;
			files = (
			);
			runOnlyForDeploymentPostprocessing = 0;
		};
/* End PBXSourcesBuildPhase section */

/* Begin PBXTargetDependency section */
		F57CC5A72D2008C5007A44A0 /* PBXTargetDependency */ = {
			isa = PBXTargetDependency;
			target = F57CC5942D2008C0007A44A0 /* ClearWeather */;
			targetProxy = F57CC5A62D2008C5007A44A0 /* PBXContainerItemProxy */;
		};
		F57CC5B12D2008C5007A44A0 /* PBXTargetDependency */ = {
			isa = PBXTargetDependency;
			target = F57CC5942D2008C0007A44A0 /* ClearWeather */;
			targetProxy = F57CC5B02D2008C5007A44A0 /* PBXContainerItemProxy */;
		};
/* End PBXTargetDependency section */

/* Begin XCBuildConfiguration section */
		F57CC5B72D2008C5007A44A0 /* Debug */ = {
			isa = XCBuildConfiguration;
			buildSettings = {
				ALWAYS_SEARCH_USER_PATHS = NO;
				ASSETCATALOG_COMPILER_GENERATE_SWIFT_ASSET_SYMBOL_EXTENSIONS = YES;
				CLANG_ANALYZER_NONNULL = YES;
				CLANG_ANALYZER_NUMBER_OBJECT_CONVERSION = YES_AGGRESSIVE;
				CLANG_CXX_LANGUAGE_STANDARD = "gnu++20";
				CLANG_ENABLE_MODULES = YES;
				CLANG_ENABLE_OBJC_ARC = YES;
				CLANG_ENABLE_OBJC_WEAK = YES;
				CLANG_WARN_BLOCK_CAPTURE_AUTORELEASING = YES;
				CLANG_WARN_BOOL_CONVERSION = YES;
				CLANG_WARN_COMMA = YES;
				CLANG_WARN_CONSTANT_CONVERSION = YES;
				CLANG_WARN_DEPRECATED_OBJC_IMPLEMENTATIONS = YES;
				CLANG_WARN_DIRECT_OBJC_ISA_USAGE = YES_ERROR;
				CLANG_WARN_DOCUMENTATION_COMMENTS = YES;
				CLANG_WARN_EMPTY_BODY = YES;
				CLANG_WARN_ENUM_CONVERSION = YES;
				CLANG_WARN_INFINITE_RECURSION = YES;
				CLANG_WARN_INT_CONVERSION = YES;
				CLANG_WARN_NON_LITERAL_NULL_CONVERSION = YES;
				CLANG_WARN_OBJC_IMPLICIT_RETAIN_SELF = YES;
				CLANG_WARN_OBJC_LITERAL_CONVERSION = YES;
				CLANG_WARN_OBJC_ROOT_CLASS = YES_ERROR;
				CLANG_WARN_QUOTED_INCLUDE_IN_FRAMEWORK_HEADER = YES;
				CLANG_WARN_RANGE_LOOP_ANALYSIS = YES;
				CLANG_WARN_STRICT_PROTOTYPES = YES;
				CLANG_WARN_SUSPICIOUS_MOVE = YES;
				CLANG_WARN_UNGUARDED_AVAILABILITY = YES_AGGRESSIVE;
				CLANG_WARN_UNREACHABLE_CODE = YES;
				CLANG_WARN__DUPLICATE_METHOD_MATCH = YES;
				COPY_PHASE_STRIP = NO;
				DEBUG_INFORMATION_FORMAT = dwarf;
				ENABLE_STRICT_OBJC_MSGSEND = YES;
				ENABLE_TESTABILITY = YES;
				ENABLE_USER_SCRIPT_SANDBOXING = YES;
				GCC_C_LANGUAGE_STANDARD = gnu17;
				GCC_DYNAMIC_NO_PIC = NO;
				GCC_NO_COMMON_BLOCKS = YES;
				GCC_OPTIMIZATION_LEVEL = 0;
				GCC_PREPROCESSOR_DEFINITIONS = (
					"DEBUG=1",
					"$(inherited)",
				);
				GCC_WARN_64_TO_32_BIT_CONVERSION = YES;
				GCC_WARN_ABOUT_RETURN_TYPE = YES_ERROR;
				GCC_WARN_UNDECLARED_SELECTOR = YES;
				GCC_WARN_UNINITIALIZED_AUTOS = YES_AGGRESSIVE;
				GCC_WARN_UNUSED_FUNCTION = YES;
				GCC_WARN_UNUSED_VARIABLE = YES;
				IPHONEOS_DEPLOYMENT_TARGET = 18.0;
				LOCALIZATION_PREFERS_STRING_CATALOGS = YES;
				MTL_ENABLE_DEBUG_INFO = INCLUDE_SOURCE;
				MTL_FAST_MATH = YES;
				ONLY_ACTIVE_ARCH = YES;
				SDKROOT = iphoneos;
				SWIFT_ACTIVE_COMPILATION_CONDITIONS = "DEBUG $(inherited)";
				SWIFT_OPTIMIZATION_LEVEL = "-Onone";
			};
			name = Debug;
		};
		F57CC5B82D2008C5007A44A0 /* Release */ = {
			isa = XCBuildConfiguration;
			buildSettings = {
				ALWAYS_SEARCH_USER_PATHS = NO;
				ASSETCATALOG_COMPILER_GENERATE_SWIFT_ASSET_SYMBOL_EXTENSIONS = YES;
				CLANG_ANALYZER_NONNULL = YES;
				CLANG_ANALYZER_NUMBER_OBJECT_CONVERSION = YES_AGGRESSIVE;
				CLANG_CXX_LANGUAGE_STANDARD = "gnu++20";
				CLANG_ENABLE_MODULES = YES;
				CLANG_ENABLE_OBJC_ARC = YES;
				CLANG_ENABLE_OBJC_WEAK = YES;
				CLANG_WARN_BLOCK_CAPTURE_AUTORELEASING = YES;
				CLANG_WARN_BOOL_CONVERSION = YES;
				CLANG_WARN_COMMA = YES;
				CLANG_WARN_CONSTANT_CONVERSION = YES;
				CLANG_WARN_DEPRECATED_OBJC_IMPLEMENTATIONS = YES;
				CLANG_WARN_DIRECT_OBJC_ISA_USAGE = YES_ERROR;
				CLANG_WARN_DOCUMENTATION_COMMENTS = YES;
				CLANG_WARN_EMPTY_BODY = YES;
				CLANG_WARN_ENUM_CONVERSION = YES;
				CLANG_WARN_INFINITE_RECURSION = YES;
				CLANG_WARN_INT_CONVERSION = YES;
				CLANG_WARN_NON_LITERAL_NULL_CONVERSION = YES;
				CLANG_WARN_OBJC_IMPLICIT_RETAIN_SELF = YES;
				CLANG_WARN_OBJC_LITERAL_CONVERSION = YES;
				CLANG_WARN_OBJC_ROOT_CLASS = YES_ERROR;
				CLANG_WARN_QUOTED_INCLUDE_IN_FRAMEWORK_HEADER = YES;
				CLANG_WARN_RANGE_LOOP_ANALYSIS = YES;
				CLANG_WARN_STRICT_PROTOTYPES = YES;
				CLANG_WARN_SUSPICIOUS_MOVE = YES;
				CLANG_WARN_UNGUARDED_AVAILABILITY = YES_AGGRESSIVE;
				CLANG_WARN_UNREACHABLE_CODE = YES;
				CLANG_WARN__DUPLICATE_METHOD_MATCH = YES;
				COPY_PHASE_STRIP = NO;
				DEBUG_INFORMATION_FORMAT = "dwarf-with-dsym";
				ENABLE_NS_ASSERTIONS = NO;
				ENABLE_STRICT_OBJC_MSGSEND = YES;
				ENABLE_USER_SCRIPT_SANDBOXING = YES;
				GCC_C_LANGUAGE_STANDARD = gnu17;
				GCC_NO_COMMON_BLOCKS = YES;
				GCC_WARN_64_TO_32_BIT_CONVERSION = YES;
				GCC_WARN_ABOUT_RETURN_TYPE = YES_ERROR;
				GCC_WARN_UNDECLARED_SELECTOR = YES;
				GCC_WARN_UNINITIALIZED_AUTOS = YES_AGGRESSIVE;
				GCC_WARN_UNUSED_FUNCTION = YES;
				GCC_WARN_UNUSED_VARIABLE = YES;
				IPHONEOS_DEPLOYMENT_TARGET = 18.0;
				LOCALIZATION_PREFERS_STRING_CATALOGS = YES;
				MTL_ENABLE_DEBUG_INFO = NO;
				MTL_FAST_MATH = YES;
				SDKROOT = iphoneos;
				SWIFT_COMPILATION_MODE = wholemodule;
				VALIDATE_PRODUCT = YES;
			};
			name = Release;
		};
		F57CC5BA2D2008C5007A44A0 /* Debug */ = {
			isa = XCBuildConfiguration;
			buildSettings = {
				ASSETCATALOG_COMPILER_APPICON_NAME = AppIcon;
				ASSETCATALOG_COMPILER_GLOBAL_ACCENT_COLOR_NAME = AccentColor;
				CODE_SIGN_ENTITLEMENTS = ClearWeather/ClearWeather.entitlements;
				CODE_SIGN_STYLE = Automatic;
				CURRENT_PROJECT_VERSION = 2;
				DEVELOPMENT_ASSET_PATHS = "\"ClearWeather/Preview Content\"";
				DEVELOPMENT_TEAM = 7P4R7G65DF;
				ENABLE_PREVIEWS = YES;
				GENERATE_INFOPLIST_FILE = YES;
				INFOPLIST_FILE = ClearWeather/Info.plist;
				INFOPLIST_KEY_LSApplicationCategoryType = "public.app-category.weather";
				INFOPLIST_KEY_NSLocationUsageDescription = "ClearWeather needs your location to show you local weather information.";
				INFOPLIST_KEY_NSLocationWhenInUseUsageDescription = "ClearWeather needs your location to show you local weather information.";
				INFOPLIST_KEY_UIApplicationSupportsIndirectInputEvents = YES;
				INFOPLIST_KEY_UISupportedInterfaceOrientations = UIInterfaceOrientationPortrait;
				INFOPLIST_KEY_UISupportedInterfaceOrientations_iPad = "UIInterfaceOrientationLandscapeLeft UIInterfaceOrientationLandscapeRight UIInterfaceOrientationPortrait UIInterfaceOrientationPortraitUpsideDown";
				IPHONEOS_DEPLOYMENT_TARGET = 18.0;
				LD_RUNPATH_SEARCH_PATHS = (
					"$(inherited)",
					"@executable_path/Frameworks",
				);
				MARKETING_VERSION = 1.1;
				PRODUCT_BUNDLE_IDENTIFIER = tarek.ClearWeather;
				PRODUCT_NAME = "$(TARGET_NAME)";
				SWIFT_EMIT_LOC_STRINGS = YES;
				SWIFT_VERSION = 5.0;
				TARGETED_DEVICE_FAMILY = "1,2";
			};
			name = Debug;
		};
		F57CC5BB2D2008C5007A44A0 /* Release */ = {
			isa = XCBuildConfiguration;
			buildSettings = {
				ASSETCATALOG_COMPILER_APPICON_NAME = AppIcon;
				ASSETCATALOG_COMPILER_GLOBAL_ACCENT_COLOR_NAME = AccentColor;
				CODE_SIGN_ENTITLEMENTS = ClearWeather/ClearWeather.entitlements;
				CODE_SIGN_STYLE = Automatic;
				CURRENT_PROJECT_VERSION = 2;
				DEVELOPMENT_ASSET_PATHS = "\"ClearWeather/Preview Content\"";
				DEVELOPMENT_TEAM = 7P4R7G65DF;
				ENABLE_PREVIEWS = YES;
				GENERATE_INFOPLIST_FILE = YES;
				INFOPLIST_FILE = ClearWeather/Info.plist;
				INFOPLIST_KEY_LSApplicationCategoryType = "public.app-category.weather";
				INFOPLIST_KEY_NSLocationUsageDescription = "ClearWeather needs your location to show you local weather information.";
				INFOPLIST_KEY_NSLocationWhenInUseUsageDescription = "ClearWeather needs your location to show you local weather information.";
				INFOPLIST_KEY_UIApplicationSupportsIndirectInputEvents = YES;
				INFOPLIST_KEY_UISupportedInterfaceOrientations = UIInterfaceOrientationPortrait;
				INFOPLIST_KEY_UISupportedInterfaceOrientations_iPad = "UIInterfaceOrientationLandscapeLeft UIInterfaceOrientationLandscapeRight UIInterfaceOrientationPortrait UIInterfaceOrientationPortraitUpsideDown";
				IPHONEOS_DEPLOYMENT_TARGET = 18.0;
				LD_RUNPATH_SEARCH_PATHS = (
					"$(inherited)",
					"@executable_path/Frameworks",
				);
				MARKETING_VERSION = 1.1;
				PRODUCT_BUNDLE_IDENTIFIER = tarek.ClearWeather;
				PRODUCT_NAME = "$(TARGET_NAME)";
				SWIFT_EMIT_LOC_STRINGS = YES;
				SWIFT_VERSION = 5.0;
				TARGETED_DEVICE_FAMILY = "1,2";
			};
			name = Release;
		};
		F57CC5BD2D2008C5007A44A0 /* Debug */ = {
			isa = XCBuildConfiguration;
			buildSettings = {
				BUNDLE_LOADER = "$(TEST_HOST)";
				CODE_SIGN_STYLE = Automatic;
				CURRENT_PROJECT_VERSION = 1;
				DEVELOPMENT_TEAM = 7P4R7G65DF;
				GENERATE_INFOPLIST_FILE = YES;
				IPHONEOS_DEPLOYMENT_TARGET = 18.2;
				MARKETING_VERSION = 1.0;
				PRODUCT_BUNDLE_IDENTIFIER = tarek.ClearWeatherTests;
				PRODUCT_NAME = "$(TARGET_NAME)";
				SWIFT_EMIT_LOC_STRINGS = NO;
				SWIFT_VERSION = 5.0;
				TARGETED_DEVICE_FAMILY = "1,2";
				TEST_HOST = "$(BUILT_PRODUCTS_DIR)/ClearWeather.app/$(BUNDLE_EXECUTABLE_FOLDER_PATH)/ClearWeather";
			};
			name = Debug;
		};
		F57CC5BE2D2008C5007A44A0 /* Release */ = {
			isa = XCBuildConfiguration;
			buildSettings = {
				BUNDLE_LOADER = "$(TEST_HOST)";
				CODE_SIGN_STYLE = Automatic;
				CURRENT_PROJECT_VERSION = 1;
				DEVELOPMENT_TEAM = 7P4R7G65DF;
				GENERATE_INFOPLIST_FILE = YES;
				IPHONEOS_DEPLOYMENT_TARGET = 18.2;
				MARKETING_VERSION = 1.0;
				PRODUCT_BUNDLE_IDENTIFIER = tarek.ClearWeatherTests;
				PRODUCT_NAME = "$(TARGET_NAME)";
				SWIFT_EMIT_LOC_STRINGS = NO;
				SWIFT_VERSION = 5.0;
				TARGETED_DEVICE_FAMILY = "1,2";
				TEST_HOST = "$(BUILT_PRODUCTS_DIR)/ClearWeather.app/$(BUNDLE_EXECUTABLE_FOLDER_PATH)/ClearWeather";
			};
			name = Release;
		};
		F57CC5C02D2008C5007A44A0 /* Debug */ = {
			isa = XCBuildConfiguration;
			buildSettings = {
				CODE_SIGN_STYLE = Automatic;
				CURRENT_PROJECT_VERSION = 1;
				DEVELOPMENT_TEAM = 7P4R7G65DF;
				GENERATE_INFOPLIST_FILE = YES;
				MARKETING_VERSION = 1.0;
				PRODUCT_BUNDLE_IDENTIFIER = tarek.ClearWeatherUITests;
				PRODUCT_NAME = "$(TARGET_NAME)";
				SWIFT_EMIT_LOC_STRINGS = NO;
				SWIFT_VERSION = 5.0;
				TARGETED_DEVICE_FAMILY = "1,2";
				TEST_TARGET_NAME = ClearWeather;
			};
			name = Debug;
		};
		F57CC5C12D2008C5007A44A0 /* Release */ = {
			isa = XCBuildConfiguration;
			buildSettings = {
				CODE_SIGN_STYLE = Automatic;
				CURRENT_PROJECT_VERSION = 1;
				DEVELOPMENT_TEAM = 7P4R7G65DF;
				GENERATE_INFOPLIST_FILE = YES;
				MARKETING_VERSION = 1.0;
				PRODUCT_BUNDLE_IDENTIFIER = tarek.ClearWeatherUITests;
				PRODUCT_NAME = "$(TARGET_NAME)";
				SWIFT_EMIT_LOC_STRINGS = NO;
				SWIFT_VERSION = 5.0;
				TARGETED_DEVICE_FAMILY = "1,2";
				TEST_TARGET_NAME = ClearWeather;
			};
			name = Release;
		};
/* End XCBuildConfiguration section */

/* Begin XCConfigurationList section */
		F57CC5902D2008BF007A44A0 /* Build configuration list for PBXProject "ClearWeather" */ = {
			isa = XCConfigurationList;
			buildConfigurations = (
				F57CC5B72D2008C5007A44A0 /* Debug */,
				F57CC5B82D2008C5007A44A0 /* Release */,
			);
			defaultConfigurationIsVisible = 0;
			defaultConfigurationName = Release;
		};
		F57CC5B92D2008C5007A44A0 /* Build configuration list for PBXNativeTarget "ClearWeather" */ = {
			isa = XCConfigurationList;
			buildConfigurations = (
				F57CC5BA2D2008C5007A44A0 /* Debug */,
				F57CC5BB2D2008C5007A44A0 /* Release */,
			);
			defaultConfigurationIsVisible = 0;
			defaultConfigurationName = Release;
		};
		F57CC5BC2D2008C5007A44A0 /* Build configuration list for PBXNativeTarget "ClearWeatherTests" */ = {
			isa = XCConfigurationList;
			buildConfigurations = (
				F57CC5BD2D2008C5007A44A0 /* Debug */,
				F57CC5BE2D2008C5007A44A0 /* Release */,
			);
			defaultConfigurationIsVisible = 0;
			defaultConfigurationName = Release;
		};
		F57CC5BF2D2008C5007A44A0 /* Build configuration list for PBXNativeTarget "ClearWeatherUITests" */ = {
			isa = XCConfigurationList;
			buildConfigurations = (
				F57CC5C02D2008C5007A44A0 /* Debug */,
				F57CC5C12D2008C5007A44A0 /* Release */,
			);
			defaultConfigurationIsVisible = 0;
			defaultConfigurationName = Release;
		};
/* End XCConfigurationList section */
	};
	rootObject = F57CC58D2D2008BF007A44A0 /* Project object */;
}
